// !$*UTF8*$!
{
	archiveVersion = 1;
	classes = {
	};
	objectVersion = 56;
	objects = {

/* Begin PBXBuildFile section */
		58F520F129DEAEAD00B4B93D /* TypedStackApp.swift in Sources */ = {isa = PBXBuildFile; fileRef = 58F520F029DEAEAD00B4B93D /* TypedStackApp.swift */; };
		58F520F329DEAEAD00B4B93D /* ContentView.swift in Sources */ = {isa = PBXBuildFile; fileRef = 58F520F229DEAEAD00B4B93D /* ContentView.swift */; };
		58F520F529DEAEAE00B4B93D /* Assets.xcassets in Resources */ = {isa = PBXBuildFile; fileRef = 58F520F429DEAEAE00B4B93D /* Assets.xcassets */; };
		58F520F829DEAEAE00B4B93D /* Preview Assets.xcassets in Resources */ = {isa = PBXBuildFile; fileRef = 58F520F729DEAEAE00B4B93D /* Preview Assets.xcassets */; };
		58F5210229DEAEAE00B4B93D /* TypedStackTests.swift in Sources */ = {isa = PBXBuildFile; fileRef = 58F5210129DEAEAE00B4B93D /* TypedStackTests.swift */; };
		58F5210C29DEAEAE00B4B93D /* TypedStackUITests.swift in Sources */ = {isa = PBXBuildFile; fileRef = 58F5210B29DEAEAE00B4B93D /* TypedStackUITests.swift */; };
		58F5210E29DEAEAE00B4B93D /* TypedStackUITestsLaunchTests.swift in Sources */ = {isa = PBXBuildFile; fileRef = 58F5210D29DEAEAE00B4B93D /* TypedStackUITestsLaunchTests.swift */; };
		6EBE79985AD25AB3D8E5A05D /* Pods_TypedStack_TypedStackUITests.framework in Frameworks */ = {isa = PBXBuildFile; fileRef = 5D08D0BCBFCC53E8CDAFCB28 /* Pods_TypedStack_TypedStackUITests.framework */; };
		7C6B31210EBB47FEDD2622BC /* Pods_TypedStackTests.framework in Frameworks */ = {isa = PBXBuildFile; fileRef = 12374D4D784FCBC3E49CC8CC /* Pods_TypedStackTests.framework */; };
		ECDCF49D4F94CA1E79560F8B /* Pods_TypedStack.framework in Frameworks */ = {isa = PBXBuildFile; fileRef = 210833CE1CB3CC2F5B3AB9D5 /* Pods_TypedStack.framework */; };
/* End PBXBuildFile section */

/* Begin PBXContainerItemProxy section */
		58F520FE29DEAEAE00B4B93D /* PBXContainerItemProxy */ = {
			isa = PBXContainerItemProxy;
			containerPortal = 58F520E529DEAEAD00B4B93D /* Project object */;
			proxyType = 1;
			remoteGlobalIDString = 58F520EC29DEAEAD00B4B93D;
			remoteInfo = TypedStack;
		};
		58F5210829DEAEAE00B4B93D /* PBXContainerItemProxy */ = {
			isa = PBXContainerItemProxy;
			containerPortal = 58F520E529DEAEAD00B4B93D /* Project object */;
			proxyType = 1;
			remoteGlobalIDString = 58F520EC29DEAEAD00B4B93D;
			remoteInfo = TypedStack;
		};
/* End PBXContainerItemProxy section */

/* Begin PBXFileReference section */
		02534A774442FA742CEFA1DF /* Pods-TypedStack-TypedStackUITests.release.xcconfig */ = {isa = PBXFileReference; includeInIndex = 1; lastKnownFileType = text.xcconfig; name = "Pods-TypedStack-TypedStackUITests.release.xcconfig"; path = "Target Support Files/Pods-TypedStack-TypedStackUITests/Pods-TypedStack-TypedStackUITests.release.xcconfig"; sourceTree = "<group>"; };
		12374D4D784FCBC3E49CC8CC /* Pods_TypedStackTests.framework */ = {isa = PBXFileReference; explicitFileType = wrapper.framework; includeInIndex = 0; path = Pods_TypedStackTests.framework; sourceTree = BUILT_PRODUCTS_DIR; };
		210833CE1CB3CC2F5B3AB9D5 /* Pods_TypedStack.framework */ = {isa = PBXFileReference; explicitFileType = wrapper.framework; includeInIndex = 0; path = Pods_TypedStack.framework; sourceTree = BUILT_PRODUCTS_DIR; };
		3288C73D2CAFBF0571BA3E32 /* Pods-TypedStack.debug.xcconfig */ = {isa = PBXFileReference; includeInIndex = 1; lastKnownFileType = text.xcconfig; name = "Pods-TypedStack.debug.xcconfig"; path = "Target Support Files/Pods-TypedStack/Pods-TypedStack.debug.xcconfig"; sourceTree = "<group>"; };
		4BEF8D924C8C549CEAB0A6EA /* Pods-TypedStack-TypedStackUITests.debug.xcconfig */ = {isa = PBXFileReference; includeInIndex = 1; lastKnownFileType = text.xcconfig; name = "Pods-TypedStack-TypedStackUITests.debug.xcconfig"; path = "Target Support Files/Pods-TypedStack-TypedStackUITests/Pods-TypedStack-TypedStackUITests.debug.xcconfig"; sourceTree = "<group>"; };
		58F520ED29DEAEAD00B4B93D /* TypedStack.app */ = {isa = PBXFileReference; explicitFileType = wrapper.application; includeInIndex = 0; path = TypedStack.app; sourceTree = BUILT_PRODUCTS_DIR; };
		58F520F029DEAEAD00B4B93D /* TypedStackApp.swift */ = {isa = PBXFileReference; lastKnownFileType = sourcecode.swift; path = TypedStackApp.swift; sourceTree = "<group>"; };
		58F520F229DEAEAD00B4B93D /* ContentView.swift */ = {isa = PBXFileReference; lastKnownFileType = sourcecode.swift; path = ContentView.swift; sourceTree = "<group>"; };
		58F520F429DEAEAE00B4B93D /* Assets.xcassets */ = {isa = PBXFileReference; lastKnownFileType = folder.assetcatalog; path = Assets.xcassets; sourceTree = "<group>"; };
		58F520F729DEAEAE00B4B93D /* Preview Assets.xcassets */ = {isa = PBXFileReference; lastKnownFileType = folder.assetcatalog; path = "Preview Assets.xcassets"; sourceTree = "<group>"; };
		58F520FD29DEAEAE00B4B93D /* TypedStackTests.xctest */ = {isa = PBXFileReference; explicitFileType = wrapper.cfbundle; includeInIndex = 0; path = TypedStackTests.xctest; sourceTree = BUILT_PRODUCTS_DIR; };
		58F5210129DEAEAE00B4B93D /* TypedStackTests.swift */ = {isa = PBXFileReference; lastKnownFileType = sourcecode.swift; path = TypedStackTests.swift; sourceTree = "<group>"; };
		58F5210729DEAEAE00B4B93D /* TypedStackUITests.xctest */ = {isa = PBXFileReference; explicitFileType = wrapper.cfbundle; includeInIndex = 0; path = TypedStackUITests.xctest; sourceTree = BUILT_PRODUCTS_DIR; };
		58F5210B29DEAEAE00B4B93D /* TypedStackUITests.swift */ = {isa = PBXFileReference; lastKnownFileType = sourcecode.swift; path = TypedStackUITests.swift; sourceTree = "<group>"; };
		58F5210D29DEAEAE00B4B93D /* TypedStackUITestsLaunchTests.swift */ = {isa = PBXFileReference; lastKnownFileType = sourcecode.swift; path = TypedStackUITestsLaunchTests.swift; sourceTree = "<group>"; };
		58F5211A29DECADC00B4B93D /* TypedStack-Bridging-Header.h */ = {isa = PBXFileReference; lastKnownFileType = sourcecode.c.h; path = "TypedStack-Bridging-Header.h"; sourceTree = "<group>"; };
		5D08D0BCBFCC53E8CDAFCB28 /* Pods_TypedStack_TypedStackUITests.framework */ = {isa = PBXFileReference; explicitFileType = wrapper.framework; includeInIndex = 0; path = Pods_TypedStack_TypedStackUITests.framework; sourceTree = BUILT_PRODUCTS_DIR; };
		B4498E889507F3559333B148 /* Pods-TypedStackTests.debug.xcconfig */ = {isa = PBXFileReference; includeInIndex = 1; lastKnownFileType = text.xcconfig; name = "Pods-TypedStackTests.debug.xcconfig"; path = "Target Support Files/Pods-TypedStackTests/Pods-TypedStackTests.debug.xcconfig"; sourceTree = "<group>"; };
		BADF64F866C3DDE9313ACAB5 /* Pods-TypedStack.release.xcconfig */ = {isa = PBXFileReference; includeInIndex = 1; lastKnownFileType = text.xcconfig; name = "Pods-TypedStack.release.xcconfig"; path = "Target Support Files/Pods-TypedStack/Pods-TypedStack.release.xcconfig"; sourceTree = "<group>"; };
		E1FABD4DB18BA8EFE68035E1 /* Pods-TypedStackTests.release.xcconfig */ = {isa = PBXFileReference; includeInIndex = 1; lastKnownFileType = text.xcconfig; name = "Pods-TypedStackTests.release.xcconfig"; path = "Target Support Files/Pods-TypedStackTests/Pods-TypedStackTests.release.xcconfig"; sourceTree = "<group>"; };
/* End PBXFileReference section */

/* Begin PBXFrameworksBuildPhase section */
		58F520EA29DEAEAD00B4B93D /* Frameworks */ = {
			isa = PBXFrameworksBuildPhase;
			buildActionMask = 2147483647;
			files = (
				ECDCF49D4F94CA1E79560F8B /* Pods_TypedStack.framework in Frameworks */,
			);
			runOnlyForDeploymentPostprocessing = 0;
		};
		58F520FA29DEAEAE00B4B93D /* Frameworks */ = {
			isa = PBXFrameworksBuildPhase;
			buildActionMask = 2147483647;
			files = (
				7C6B31210EBB47FEDD2622BC /* Pods_TypedStackTests.framework in Frameworks */,
			);
			runOnlyForDeploymentPostprocessing = 0;
		};
		58F5210429DEAEAE00B4B93D /* Frameworks */ = {
			isa = PBXFrameworksBuildPhase;
			buildActionMask = 2147483647;
			files = (
				6EBE79985AD25AB3D8E5A05D /* Pods_TypedStack_TypedStackUITests.framework in Frameworks */,
			);
			runOnlyForDeploymentPostprocessing = 0;
		};
/* End PBXFrameworksBuildPhase section */

/* Begin PBXGroup section */
		36ECF40383AE28B3A696C780 /* Pods */ = {
			isa = PBXGroup;
			children = (
				3288C73D2CAFBF0571BA3E32 /* Pods-TypedStack.debug.xcconfig */,
				BADF64F866C3DDE9313ACAB5 /* Pods-TypedStack.release.xcconfig */,
				4BEF8D924C8C549CEAB0A6EA /* Pods-TypedStack-TypedStackUITests.debug.xcconfig */,
				02534A774442FA742CEFA1DF /* Pods-TypedStack-TypedStackUITests.release.xcconfig */,
				B4498E889507F3559333B148 /* Pods-TypedStackTests.debug.xcconfig */,
				E1FABD4DB18BA8EFE68035E1 /* Pods-TypedStackTests.release.xcconfig */,
			);
			name = Pods;
			path = Pods;
			sourceTree = "<group>";
		};
		58F520E429DEAEAD00B4B93D = {
			isa = PBXGroup;
			children = (
				58F520EF29DEAEAD00B4B93D /* TypedStack */,
				58F5210029DEAEAE00B4B93D /* TypedStackTests */,
				58F5210A29DEAEAE00B4B93D /* TypedStackUITests */,
				58F520EE29DEAEAD00B4B93D /* Products */,
				36ECF40383AE28B3A696C780 /* Pods */,
				D7630FF64F63007989861523 /* Frameworks */,
			);
			sourceTree = "<group>";
		};
		58F520EE29DEAEAD00B4B93D /* Products */ = {
			isa = PBXGroup;
			children = (
				58F520ED29DEAEAD00B4B93D /* TypedStack.app */,
				58F520FD29DEAEAE00B4B93D /* TypedStackTests.xctest */,
				58F5210729DEAEAE00B4B93D /* TypedStackUITests.xctest */,
			);
			name = Products;
			sourceTree = "<group>";
		};
		58F520EF29DEAEAD00B4B93D /* TypedStack */ = {
			isa = PBXGroup;
			children = (
				58F520F029DEAEAD00B4B93D /* TypedStackApp.swift */,
				58F520F229DEAEAD00B4B93D /* ContentView.swift */,
				58F520F429DEAEAE00B4B93D /* Assets.xcassets */,
				58F520F629DEAEAE00B4B93D /* Preview Content */,
				58F5211A29DECADC00B4B93D /* TypedStack-Bridging-Header.h */,
			);
			path = TypedStack;
			sourceTree = "<group>";
		};
		58F520F629DEAEAE00B4B93D /* Preview Content */ = {
			isa = PBXGroup;
			children = (
				58F520F729DEAEAE00B4B93D /* Preview Assets.xcassets */,
			);
			path = "Preview Content";
			sourceTree = "<group>";
		};
		58F5210029DEAEAE00B4B93D /* TypedStackTests */ = {
			isa = PBXGroup;
			children = (
				58F5210129DEAEAE00B4B93D /* TypedStackTests.swift */,
			);
			path = TypedStackTests;
			sourceTree = "<group>";
		};
		58F5210A29DEAEAE00B4B93D /* TypedStackUITests */ = {
			isa = PBXGroup;
			children = (
				58F5210B29DEAEAE00B4B93D /* TypedStackUITests.swift */,
				58F5210D29DEAEAE00B4B93D /* TypedStackUITestsLaunchTests.swift */,
			);
			path = TypedStackUITests;
			sourceTree = "<group>";
		};
		D7630FF64F63007989861523 /* Frameworks */ = {
			isa = PBXGroup;
			children = (
				210833CE1CB3CC2F5B3AB9D5 /* Pods_TypedStack.framework */,
				5D08D0BCBFCC53E8CDAFCB28 /* Pods_TypedStack_TypedStackUITests.framework */,
				12374D4D784FCBC3E49CC8CC /* Pods_TypedStackTests.framework */,
			);
			name = Frameworks;
			sourceTree = "<group>";
		};
/* End PBXGroup section */

/* Begin PBXNativeTarget section */
		58F520EC29DEAEAD00B4B93D /* TypedStack */ = {
			isa = PBXNativeTarget;
			buildConfigurationList = 58F5211129DEAEAE00B4B93D /* Build configuration list for PBXNativeTarget "TypedStack" */;
			buildPhases = (
				17EA117C9131DE487902CEAF /* [CP] Check Pods Manifest.lock */,
				58F520E929DEAEAD00B4B93D /* Sources */,
				58F520EA29DEAEAD00B4B93D /* Frameworks */,
				58F520EB29DEAEAD00B4B93D /* Resources */,
				63489AD479C05D3C6655E2E3 /* [CP] Embed Pods Frameworks */,
			);
			buildRules = (
			);
			dependencies = (
			);
			name = TypedStack;
			productName = TypedStack;
			productReference = 58F520ED29DEAEAD00B4B93D /* TypedStack.app */;
			productType = "com.apple.product-type.application";
		};
		58F520FC29DEAEAE00B4B93D /* TypedStackTests */ = {
			isa = PBXNativeTarget;
			buildConfigurationList = 58F5211429DEAEAE00B4B93D /* Build configuration list for PBXNativeTarget "TypedStackTests" */;
			buildPhases = (
				A38863F3F369348E9012255A /* [CP] Check Pods Manifest.lock */,
				58F520F929DEAEAE00B4B93D /* Sources */,
				58F520FA29DEAEAE00B4B93D /* Frameworks */,
				58F520FB29DEAEAE00B4B93D /* Resources */,
			);
			buildRules = (
			);
			dependencies = (
				58F520FF29DEAEAE00B4B93D /* PBXTargetDependency */,
			);
			name = TypedStackTests;
			productName = TypedStackTests;
			productReference = 58F520FD29DEAEAE00B4B93D /* TypedStackTests.xctest */;
			productType = "com.apple.product-type.bundle.unit-test";
		};
		58F5210629DEAEAE00B4B93D /* TypedStackUITests */ = {
			isa = PBXNativeTarget;
			buildConfigurationList = 58F5211729DEAEAE00B4B93D /* Build configuration list for PBXNativeTarget "TypedStackUITests" */;
			buildPhases = (
				4F0A5F05DB0104D2DAF441AD /* [CP] Check Pods Manifest.lock */,
				58F5210329DEAEAE00B4B93D /* Sources */,
				58F5210429DEAEAE00B4B93D /* Frameworks */,
				58F5210529DEAEAE00B4B93D /* Resources */,
				094377E3EE8B342E9C94F791 /* [CP] Embed Pods Frameworks */,
			);
			buildRules = (
			);
			dependencies = (
				58F5210929DEAEAE00B4B93D /* PBXTargetDependency */,
			);
			name = TypedStackUITests;
			productName = TypedStackUITests;
			productReference = 58F5210729DEAEAE00B4B93D /* TypedStackUITests.xctest */;
			productType = "com.apple.product-type.bundle.ui-testing";
		};
/* End PBXNativeTarget section */

/* Begin PBXProject section */
		58F520E529DEAEAD00B4B93D /* Project object */ = {
			isa = PBXProject;
			attributes = {
				BuildIndependentTargetsInParallel = 1;
				LastSwiftUpdateCheck = 1420;
				LastUpgradeCheck = 1420;
				TargetAttributes = {
					58F520EC29DEAEAD00B4B93D = {
						CreatedOnToolsVersion = 14.2;
						LastSwiftMigration = 1420;
					};
					58F520FC29DEAEAE00B4B93D = {
						CreatedOnToolsVersion = 14.2;
						TestTargetID = 58F520EC29DEAEAD00B4B93D;
					};
					58F5210629DEAEAE00B4B93D = {
						CreatedOnToolsVersion = 14.2;
						TestTargetID = 58F520EC29DEAEAD00B4B93D;
					};
				};
			};
			buildConfigurationList = 58F520E829DEAEAD00B4B93D /* Build configuration list for PBXProject "TypedStack" */;
			compatibilityVersion = "Xcode 14.0";
			developmentRegion = en;
			hasScannedForEncodings = 0;
			knownRegions = (
				en,
				Base,
			);
			mainGroup = 58F520E429DEAEAD00B4B93D;
			productRefGroup = 58F520EE29DEAEAD00B4B93D /* Products */;
			projectDirPath = "";
			projectRoot = "";
			targets = (
				58F520EC29DEAEAD00B4B93D /* TypedStack */,
				58F520FC29DEAEAE00B4B93D /* TypedStackTests */,
				58F5210629DEAEAE00B4B93D /* TypedStackUITests */,
			);
		};
/* End PBXProject section */

/* Begin PBXResourcesBuildPhase section */
		58F520EB29DEAEAD00B4B93D /* Resources */ = {
			isa = PBXResourcesBuildPhase;
			buildActionMask = 2147483647;
			files = (
				58F520F829DEAEAE00B4B93D /* Preview Assets.xcassets in Resources */,
				58F520F529DEAEAE00B4B93D /* Assets.xcassets in Resources */,
			);
			runOnlyForDeploymentPostprocessing = 0;
		};
		58F520FB29DEAEAE00B4B93D /* Resources */ = {
			isa = PBXResourcesBuildPhase;
			buildActionMask = 2147483647;
			files = (
			);
			runOnlyForDeploymentPostprocessing = 0;
		};
		58F5210529DEAEAE00B4B93D /* Resources */ = {
			isa = PBXResourcesBuildPhase;
			buildActionMask = 2147483647;
			files = (
			);
			runOnlyForDeploymentPostprocessing = 0;
		};
/* End PBXResourcesBuildPhase section */

/* Begin PBXShellScriptBuildPhase section */
		094377E3EE8B342E9C94F791 /* [CP] Embed Pods Frameworks */ = {
			isa = PBXShellScriptBuildPhase;
			buildActionMask = 2147483647;
			files = (
			);
			inputFileListPaths = (
				"${PODS_ROOT}/Target Support Files/Pods-TypedStack-TypedStackUITests/Pods-TypedStack-TypedStackUITests-frameworks-${CONFIGURATION}-input-files.xcfilelist",
			);
			name = "[CP] Embed Pods Frameworks";
			outputFileListPaths = (
				"${PODS_ROOT}/Target Support Files/Pods-TypedStack-TypedStackUITests/Pods-TypedStack-TypedStackUITests-frameworks-${CONFIGURATION}-output-files.xcfilelist",
			);
			runOnlyForDeploymentPostprocessing = 0;
			shellPath = /bin/sh;
			shellScript = "\"${PODS_ROOT}/Target Support Files/Pods-TypedStack-TypedStackUITests/Pods-TypedStack-TypedStackUITests-frameworks.sh\"\n";
			showEnvVarsInLog = 0;
		};
		17EA117C9131DE487902CEAF /* [CP] Check Pods Manifest.lock */ = {
			isa = PBXShellScriptBuildPhase;
			buildActionMask = 2147483647;
			files = (
			);
			inputFileListPaths = (
			);
			inputPaths = (
				"${PODS_PODFILE_DIR_PATH}/Podfile.lock",
				"${PODS_ROOT}/Manifest.lock",
			);
			name = "[CP] Check Pods Manifest.lock";
			outputFileListPaths = (
			);
			outputPaths = (
				"$(DERIVED_FILE_DIR)/Pods-TypedStack-checkManifestLockResult.txt",
			);
			runOnlyForDeploymentPostprocessing = 0;
			shellPath = /bin/sh;
			shellScript = "diff \"${PODS_PODFILE_DIR_PATH}/Podfile.lock\" \"${PODS_ROOT}/Manifest.lock\" > /dev/null\nif [ $? != 0 ] ; then\n    # print error to STDERR\n    echo \"error: The sandbox is not in sync with the Podfile.lock. Run 'pod install' or update your CocoaPods installation.\" >&2\n    exit 1\nfi\n# This output is used by Xcode 'outputs' to avoid re-running this script phase.\necho \"SUCCESS\" > \"${SCRIPT_OUTPUT_FILE_0}\"\n";
			showEnvVarsInLog = 0;
		};
		4F0A5F05DB0104D2DAF441AD /* [CP] Check Pods Manifest.lock */ = {
			isa = PBXShellScriptBuildPhase;
			buildActionMask = 2147483647;
			files = (
			);
			inputFileListPaths = (
			);
			inputPaths = (
				"${PODS_PODFILE_DIR_PATH}/Podfile.lock",
				"${PODS_ROOT}/Manifest.lock",
			);
			name = "[CP] Check Pods Manifest.lock";
			outputFileListPaths = (
			);
			outputPaths = (
				"$(DERIVED_FILE_DIR)/Pods-TypedStack-TypedStackUITests-checkManifestLockResult.txt",
			);
			runOnlyForDeploymentPostprocessing = 0;
			shellPath = /bin/sh;
			shellScript = "diff \"${PODS_PODFILE_DIR_PATH}/Podfile.lock\" \"${PODS_ROOT}/Manifest.lock\" > /dev/null\nif [ $? != 0 ] ; then\n    # print error to STDERR\n    echo \"error: The sandbox is not in sync with the Podfile.lock. Run 'pod install' or update your CocoaPods installation.\" >&2\n    exit 1\nfi\n# This output is used by Xcode 'outputs' to avoid re-running this script phase.\necho \"SUCCESS\" > \"${SCRIPT_OUTPUT_FILE_0}\"\n";
			showEnvVarsInLog = 0;
		};
		63489AD479C05D3C6655E2E3 /* [CP] Embed Pods Frameworks */ = {
			isa = PBXShellScriptBuildPhase;
			buildActionMask = 2147483647;
			files = (
			);
			inputFileListPaths = (
				"${PODS_ROOT}/Target Support Files/Pods-TypedStack/Pods-TypedStack-frameworks-${CONFIGURATION}-input-files.xcfilelist",
			);
			name = "[CP] Embed Pods Frameworks";
			outputFileListPaths = (
				"${PODS_ROOT}/Target Support Files/Pods-TypedStack/Pods-TypedStack-frameworks-${CONFIGURATION}-output-files.xcfilelist",
			);
			runOnlyForDeploymentPostprocessing = 0;
			shellPath = /bin/sh;
			shellScript = "\"${PODS_ROOT}/Target Support Files/Pods-TypedStack/Pods-TypedStack-frameworks.sh\"\n";
			showEnvVarsInLog = 0;
		};
		A38863F3F369348E9012255A /* [CP] Check Pods Manifest.lock */ = {
			isa = PBXShellScriptBuildPhase;
			buildActionMask = 2147483647;
			files = (
			);
			inputFileListPaths = (
			);
			inputPaths = (
				"${PODS_PODFILE_DIR_PATH}/Podfile.lock",
				"${PODS_ROOT}/Manifest.lock",
			);
			name = "[CP] Check Pods Manifest.lock";
			outputFileListPaths = (
			);
			outputPaths = (
				"$(DERIVED_FILE_DIR)/Pods-TypedStackTests-checkManifestLockResult.txt",
			);
			runOnlyForDeploymentPostprocessing = 0;
			shellPath = /bin/sh;
			shellScript = "diff \"${PODS_PODFILE_DIR_PATH}/Podfile.lock\" \"${PODS_ROOT}/Manifest.lock\" > /dev/null\nif [ $? != 0 ] ; then\n    # print error to STDERR\n    echo \"error: The sandbox is not in sync with the Podfile.lock. Run 'pod install' or update your CocoaPods installation.\" >&2\n    exit 1\nfi\n# This output is used by Xcode 'outputs' to avoid re-running this script phase.\necho \"SUCCESS\" > \"${SCRIPT_OUTPUT_FILE_0}\"\n";
			showEnvVarsInLog = 0;
		};
/* End PBXShellScriptBuildPhase section */

/* Begin PBXSourcesBuildPhase section */
		58F520E929DEAEAD00B4B93D /* Sources */ = {
			isa = PBXSourcesBuildPhase;
			buildActionMask = 2147483647;
			files = (
				58F520F329DEAEAD00B4B93D /* ContentView.swift in Sources */,
				58F520F129DEAEAD00B4B93D /* TypedStackApp.swift in Sources */,
			);
			runOnlyForDeploymentPostprocessing = 0;
		};
		58F520F929DEAEAE00B4B93D /* Sources */ = {
			isa = PBXSourcesBuildPhase;
			buildActionMask = 2147483647;
			files = (
				58F5210229DEAEAE00B4B93D /* TypedStackTests.swift in Sources */,
			);
			runOnlyForDeploymentPostprocessing = 0;
		};
		58F5210329DEAEAE00B4B93D /* Sources */ = {
			isa = PBXSourcesBuildPhase;
			buildActionMask = 2147483647;
			files = (
				58F5210E29DEAEAE00B4B93D /* TypedStackUITestsLaunchTests.swift in Sources */,
				58F5210C29DEAEAE00B4B93D /* TypedStackUITests.swift in Sources */,
			);
			runOnlyForDeploymentPostprocessing = 0;
		};
/* End PBXSourcesBuildPhase section */

/* Begin PBXTargetDependency section */
		58F520FF29DEAEAE00B4B93D /* PBXTargetDependency */ = {
			isa = PBXTargetDependency;
			target = 58F520EC29DEAEAD00B4B93D /* TypedStack */;
			targetProxy = 58F520FE29DEAEAE00B4B93D /* PBXContainerItemProxy */;
		};
		58F5210929DEAEAE00B4B93D /* PBXTargetDependency */ = {
			isa = PBXTargetDependency;
			target = 58F520EC29DEAEAD00B4B93D /* TypedStack */;
			targetProxy = 58F5210829DEAEAE00B4B93D /* PBXContainerItemProxy */;
		};
/* End PBXTargetDependency section */

/* Begin XCBuildConfiguration section */
		58F5210F29DEAEAE00B4B93D /* Debug */ = {
			isa = XCBuildConfiguration;
			buildSettings = {
				ALWAYS_SEARCH_USER_PATHS = NO;
				CLANG_ANALYZER_NONNULL = YES;
				CLANG_ANALYZER_NUMBER_OBJECT_CONVERSION = YES_AGGRESSIVE;
				CLANG_CXX_LANGUAGE_STANDARD = "gnu++20";
				CLANG_ENABLE_MODULES = YES;
				CLANG_ENABLE_OBJC_ARC = YES;
				CLANG_ENABLE_OBJC_WEAK = YES;
				CLANG_WARN_BLOCK_CAPTURE_AUTORELEASING = YES;
				CLANG_WARN_BOOL_CONVERSION = YES;
				CLANG_WARN_COMMA = YES;
				CLANG_WARN_CONSTANT_CONVERSION = YES;
				CLANG_WARN_DEPRECATED_OBJC_IMPLEMENTATIONS = YES;
				CLANG_WARN_DIRECT_OBJC_ISA_USAGE = YES_ERROR;
				CLANG_WARN_DOCUMENTATION_COMMENTS = YES;
				CLANG_WARN_EMPTY_BODY = YES;
				CLANG_WARN_ENUM_CONVERSION = YES;
				CLANG_WARN_INFINITE_RECURSION = YES;
				CLANG_WARN_INT_CONVERSION = YES;
				CLANG_WARN_NON_LITERAL_NULL_CONVERSION = YES;
				CLANG_WARN_OBJC_IMPLICIT_RETAIN_SELF = YES;
				CLANG_WARN_OBJC_LITERAL_CONVERSION = YES;
				CLANG_WARN_OBJC_ROOT_CLASS = YES_ERROR;
				CLANG_WARN_QUOTED_INCLUDE_IN_FRAMEWORK_HEADER = YES;
				CLANG_WARN_RANGE_LOOP_ANALYSIS = YES;
				CLANG_WARN_STRICT_PROTOTYPES = YES;
				CLANG_WARN_SUSPICIOUS_MOVE = YES;
				CLANG_WARN_UNGUARDED_AVAILABILITY = YES_AGGRESSIVE;
				CLANG_WARN_UNREACHABLE_CODE = YES;
				CLANG_WARN__DUPLICATE_METHOD_MATCH = YES;
				COPY_PHASE_STRIP = NO;
				DEBUG_INFORMATION_FORMAT = dwarf;
				ENABLE_STRICT_OBJC_MSGSEND = YES;
				ENABLE_TESTABILITY = YES;
				GCC_C_LANGUAGE_STANDARD = gnu11;
				GCC_DYNAMIC_NO_PIC = NO;
				GCC_NO_COMMON_BLOCKS = YES;
				GCC_OPTIMIZATION_LEVEL = 0;
				GCC_PREPROCESSOR_DEFINITIONS = (
					"DEBUG=1",
					"$(inherited)",
				);
				GCC_WARN_64_TO_32_BIT_CONVERSION = YES;
				GCC_WARN_ABOUT_RETURN_TYPE = YES_ERROR;
				GCC_WARN_UNDECLARED_SELECTOR = YES;
				GCC_WARN_UNINITIALIZED_AUTOS = YES_AGGRESSIVE;
				GCC_WARN_UNUSED_FUNCTION = YES;
				GCC_WARN_UNUSED_VARIABLE = YES;
				IPHONEOS_DEPLOYMENT_TARGET = 16.2;
				MTL_ENABLE_DEBUG_INFO = INCLUDE_SOURCE;
				MTL_FAST_MATH = YES;
				ONLY_ACTIVE_ARCH = YES;
				SDKROOT = iphoneos;
				SWIFT_ACTIVE_COMPILATION_CONDITIONS = DEBUG;
				SWIFT_OPTIMIZATION_LEVEL = "-Onone";
			};
			name = Debug;
		};
		58F5211029DEAEAE00B4B93D /* Release */ = {
			isa = XCBuildConfiguration;
			buildSettings = {
				ALWAYS_SEARCH_USER_PATHS = NO;
				CLANG_ANALYZER_NONNULL = YES;
				CLANG_ANALYZER_NUMBER_OBJECT_CONVERSION = YES_AGGRESSIVE;
				CLANG_CXX_LANGUAGE_STANDARD = "gnu++20";
				CLANG_ENABLE_MODULES = YES;
				CLANG_ENABLE_OBJC_ARC = YES;
				CLANG_ENABLE_OBJC_WEAK = YES;
				CLANG_WARN_BLOCK_CAPTURE_AUTORELEASING = YES;
				CLANG_WARN_BOOL_CONVERSION = YES;
				CLANG_WARN_COMMA = YES;
				CLANG_WARN_CONSTANT_CONVERSION = YES;
				CLANG_WARN_DEPRECATED_OBJC_IMPLEMENTATIONS = YES;
				CLANG_WARN_DIRECT_OBJC_ISA_USAGE = YES_ERROR;
				CLANG_WARN_DOCUMENTATION_COMMENTS = YES;
				CLANG_WARN_EMPTY_BODY = YES;
				CLANG_WARN_ENUM_CONVERSION = YES;
				CLANG_WARN_INFINITE_RECURSION = YES;
				CLANG_WARN_INT_CONVERSION = YES;
				CLANG_WARN_NON_LITERAL_NULL_CONVERSION = YES;
				CLANG_WARN_OBJC_IMPLICIT_RETAIN_SELF = YES;
				CLANG_WARN_OBJC_LITERAL_CONVERSION = YES;
				CLANG_WARN_OBJC_ROOT_CLASS = YES_ERROR;
				CLANG_WARN_QUOTED_INCLUDE_IN_FRAMEWORK_HEADER = YES;
				CLANG_WARN_RANGE_LOOP_ANALYSIS = YES;
				CLANG_WARN_STRICT_PROTOTYPES = YES;
				CLANG_WARN_SUSPICIOUS_MOVE = YES;
				CLANG_WARN_UNGUARDED_AVAILABILITY = YES_AGGRESSIVE;
				CLANG_WARN_UNREACHABLE_CODE = YES;
				CLANG_WARN__DUPLICATE_METHOD_MATCH = YES;
				COPY_PHASE_STRIP = NO;
				DEBUG_INFORMATION_FORMAT = "dwarf-with-dsym";
				ENABLE_NS_ASSERTIONS = NO;
				ENABLE_STRICT_OBJC_MSGSEND = YES;
				GCC_C_LANGUAGE_STANDARD = gnu11;
				GCC_NO_COMMON_BLOCKS = YES;
				GCC_WARN_64_TO_32_BIT_CONVERSION = YES;
				GCC_WARN_ABOUT_RETURN_TYPE = YES_ERROR;
				GCC_WARN_UNDECLARED_SELECTOR = YES;
				GCC_WARN_UNINITIALIZED_AUTOS = YES_AGGRESSIVE;
				GCC_WARN_UNUSED_FUNCTION = YES;
				GCC_WARN_UNUSED_VARIABLE = YES;
				IPHONEOS_DEPLOYMENT_TARGET = 16.2;
				MTL_ENABLE_DEBUG_INFO = NO;
				MTL_FAST_MATH = YES;
				SDKROOT = iphoneos;
				SWIFT_COMPILATION_MODE = wholemodule;
				SWIFT_OPTIMIZATION_LEVEL = "-O";
				VALIDATE_PRODUCT = YES;
			};
			name = Release;
		};
		58F5211229DEAEAE00B4B93D /* Debug */ = {
			isa = XCBuildConfiguration;
			baseConfigurationReference = 3288C73D2CAFBF0571BA3E32 /* Pods-TypedStack.debug.xcconfig */;
			buildSettings = {
				ASSETCATALOG_COMPILER_APPICON_NAME = AppIcon;
				ASSETCATALOG_COMPILER_GLOBAL_ACCENT_COLOR_NAME = AccentColor;
				CLANG_ENABLE_MODULES = YES;
				CODE_SIGN_STYLE = Automatic;
				CURRENT_PROJECT_VERSION = 1;
				DEVELOPMENT_ASSET_PATHS = "\"TypedStack/Preview Content\"";
				ENABLE_PREVIEWS = YES;
				GENERATE_INFOPLIST_FILE = YES;
				INFOPLIST_KEY_UIApplicationSceneManifest_Generation = YES;
				INFOPLIST_KEY_UIApplicationSupportsIndirectInputEvents = YES;
				INFOPLIST_KEY_UILaunchScreen_Generation = YES;
				INFOPLIST_KEY_UISupportedInterfaceOrientations_iPad = "UIInterfaceOrientationPortrait UIInterfaceOrientationPortraitUpsideDown UIInterfaceOrientationLandscapeLeft UIInterfaceOrientationLandscapeRight";
				INFOPLIST_KEY_UISupportedInterfaceOrientations_iPhone = "UIInterfaceOrientationPortrait UIInterfaceOrientationLandscapeLeft UIInterfaceOrientationLandscapeRight";
				LD_RUNPATH_SEARCH_PATHS = (
					"$(inherited)",
					"@executable_path/Frameworks",
				);
				MARKETING_VERSION = 1.0;
				PRODUCT_BUNDLE_IDENTIFIER = com.example.TypedStack;
				PRODUCT_NAME = "$(TARGET_NAME)";
				SWIFT_EMIT_LOC_STRINGS = YES;
				SWIFT_OBJC_BRIDGING_HEADER = "TypedStack/TypedStack-Bridging-Header.h";
				SWIFT_OPTIMIZATION_LEVEL = "-Onone";
				SWIFT_VERSION = 5.0;
				TARGETED_DEVICE_FAMILY = "1,2";
			};
			name = Debug;
		};
		58F5211329DEAEAE00B4B93D /* Release */ = {
			isa = XCBuildConfiguration;
			baseConfigurationReference = BADF64F866C3DDE9313ACAB5 /* Pods-TypedStack.release.xcconfig */;
			buildSettings = {
				ASSETCATALOG_COMPILER_APPICON_NAME = AppIcon;
				ASSETCATALOG_COMPILER_GLOBAL_ACCENT_COLOR_NAME = AccentColor;
				CLANG_ENABLE_MODULES = YES;
				CODE_SIGN_STYLE = Automatic;
				CURRENT_PROJECT_VERSION = 1;
				DEVELOPMENT_ASSET_PATHS = "\"TypedStack/Preview Content\"";
				ENABLE_PREVIEWS = YES;
				GENERATE_INFOPLIST_FILE = YES;
				INFOPLIST_KEY_UIApplicationSceneManifest_Generation = YES;
				INFOPLIST_KEY_UIApplicationSupportsIndirectInputEvents = YES;
				INFOPLIST_KEY_UILaunchScreen_Generation = YES;
				INFOPLIST_KEY_UISupportedInterfaceOrientations_iPad = "UIInterfaceOrientationPortrait UIInterfaceOrientationPortraitUpsideDown UIInterfaceOrientationLandscapeLeft UIInterfaceOrientationLandscapeRight";
				INFOPLIST_KEY_UISupportedInterfaceOrientations_iPhone = "UIInterfaceOrientationPortrait UIInterfaceOrientationLandscapeLeft UIInterfaceOrientationLandscapeRight";
				LD_RUNPATH_SEARCH_PATHS = (
					"$(inherited)",
					"@executable_path/Frameworks",
				);
				MARKETING_VERSION = 1.0;
				PRODUCT_BUNDLE_IDENTIFIER = com.example.TypedStack;
				PRODUCT_NAME = "$(TARGET_NAME)";
				SWIFT_EMIT_LOC_STRINGS = YES;
				SWIFT_OBJC_BRIDGING_HEADER = "TypedStack/TypedStack-Bridging-Header.h";
				SWIFT_VERSION = 5.0;
				TARGETED_DEVICE_FAMILY = "1,2";
			};
			name = Release;
		};
		58F5211529DEAEAE00B4B93D /* Debug */ = {
			isa = XCBuildConfiguration;
			baseConfigurationReference = B4498E889507F3559333B148 /* Pods-TypedStackTests.debug.xcconfig */;
			buildSettings = {
				ALWAYS_EMBED_SWIFT_STANDARD_LIBRARIES = YES;
				BUNDLE_LOADER = "$(TEST_HOST)";
				CODE_SIGN_STYLE = Automatic;
				CURRENT_PROJECT_VERSION = 1;
				GENERATE_INFOPLIST_FILE = YES;
				IPHONEOS_DEPLOYMENT_TARGET = 16.2;
				MARKETING_VERSION = 1.0;
				PRODUCT_BUNDLE_IDENTIFIER = com.example.TypedStackTests;
				PRODUCT_NAME = "$(TARGET_NAME)";
				SWIFT_EMIT_LOC_STRINGS = NO;
				SWIFT_VERSION = 5.0;
				TARGETED_DEVICE_FAMILY = "1,2";
				TEST_HOST = "$(BUILT_PRODUCTS_DIR)/TypedStack.app/$(BUNDLE_EXECUTABLE_FOLDER_PATH)/TypedStack";
			};
			name = Debug;
		};
		58F5211629DEAEAE00B4B93D /* Release */ = {
			isa = XCBuildConfiguration;
			baseConfigurationReference = E1FABD4DB18BA8EFE68035E1 /* Pods-TypedStackTests.release.xcconfig */;
			buildSettings = {
				ALWAYS_EMBED_SWIFT_STANDARD_LIBRARIES = YES;
				BUNDLE_LOADER = "$(TEST_HOST)";
				CODE_SIGN_STYLE = Automatic;
				CURRENT_PROJECT_VERSION = 1;
				GENERATE_INFOPLIST_FILE = YES;
				IPHONEOS_DEPLOYMENT_TARGET = 16.2;
				MARKETING_VERSION = 1.0;
				PRODUCT_BUNDLE_IDENTIFIER = com.example.TypedStackTests;
				PRODUCT_NAME = "$(TARGET_NAME)";
				SWIFT_EMIT_LOC_STRINGS = NO;
				SWIFT_VERSION = 5.0;
				TARGETED_DEVICE_FAMILY = "1,2";
				TEST_HOST = "$(BUILT_PRODUCTS_DIR)/TypedStack.app/$(BUNDLE_EXECUTABLE_FOLDER_PATH)/TypedStack";
			};
			name = Release;
		};
		58F5211829DEAEAE00B4B93D /* Debug */ = {
			isa = XCBuildConfiguration;
			baseConfigurationReference = 4BEF8D924C8C549CEAB0A6EA /* Pods-TypedStack-TypedStackUITests.debug.xcconfig */;
			buildSettings = {
				ALWAYS_EMBED_SWIFT_STANDARD_LIBRARIES = YES;
				CODE_SIGN_STYLE = Automatic;
				CURRENT_PROJECT_VERSION = 1;
				GENERATE_INFOPLIST_FILE = YES;
				MARKETING_VERSION = 1.0;
				PRODUCT_BUNDLE_IDENTIFIER = com.example.TypedStackUITests;
				PRODUCT_NAME = "$(TARGET_NAME)";
				SWIFT_EMIT_LOC_STRINGS = NO;
				SWIFT_VERSION = 5.0;
				TARGETED_DEVICE_FAMILY = "1,2";
				TEST_TARGET_NAME = TypedStack;
			};
			name = Debug;
		};
		58F5211929DEAEAE00B4B93D /* Release */ = {
			isa = XCBuildConfiguration;
			baseConfigurationReference = 02534A774442FA742CEFA1DF /* Pods-TypedStack-TypedStackUITests.release.xcconfig */;
			buildSettings = {
				ALWAYS_EMBED_SWIFT_STANDARD_LIBRARIES = YES;
				CODE_SIGN_STYLE = Automatic;
				CURRENT_PROJECT_VERSION = 1;
				GENERATE_INFOPLIST_FILE = YES;
				MARKETING_VERSION = 1.0;
				PRODUCT_BUNDLE_IDENTIFIER = com.example.TypedStackUITests;
				PRODUCT_NAME = "$(TARGET_NAME)";
				SWIFT_EMIT_LOC_STRINGS = NO;
				SWIFT_VERSION = 5.0;
				TARGETED_DEVICE_FAMILY = "1,2";
				TEST_TARGET_NAME = TypedStack;
			};
			name = Release;
		};
/* End XCBuildConfiguration section */

/* Begin XCConfigurationList section */
		58F520E829DEAEAD00B4B93D /* Build configuration list for PBXProject "TypedStack" */ = {
			isa = XCConfigurationList;
			buildConfigurations = (
				58F5210F29DEAEAE00B4B93D /* Debug */,
				58F5211029DEAEAE00B4B93D /* Release */,
			);
			defaultConfigurationIsVisible = 0;
			defaultConfigurationName = Release;
		};
		58F5211129DEAEAE00B4B93D /* Build configuration list for PBXNativeTarget "TypedStack" */ = {
			isa = XCConfigurationList;
			buildConfigurations = (
				58F5211229DEAEAE00B4B93D /* Debug */,
				58F5211329DEAEAE00B4B93D /* Release */,
			);
			defaultConfigurationIsVisible = 0;
			defaultConfigurationName = Release;
		};
		58F5211429DEAEAE00B4B93D /* Build configuration list for PBXNativeTarget "TypedStackTests" */ = {
			isa = XCConfigurationList;
			buildConfigurations = (
				58F5211529DEAEAE00B4B93D /* Debug */,
				58F5211629DEAEAE00B4B93D /* Release */,
			);
			defaultConfigurationIsVisible = 0;
			defaultConfigurationName = Release;
		};
		58F5211729DEAEAE00B4B93D /* Build configuration list for PBXNativeTarget "TypedStackUITests" */ = {
			isa = XCConfigurationList;
			buildConfigurations = (
				58F5211829DEAEAE00B4B93D /* Debug */,
				58F5211929DEAEAE00B4B93D /* Release */,
			);
			defaultConfigurationIsVisible = 0;
			defaultConfigurationName = Release;
		};
/* End XCConfigurationList section */
	};
	rootObject = 58F520E529DEAEAD00B4B93D /* Project object */;
}
